
Microsoft Visual Studio Solution File, Format Version 12.00
# Visual Studio Version 16
VisualStudioVersion = 16.0.29613.14
MinimumVisualStudioVersion = 10.0.40219.1
Project("{F184B08F-C81C-45F6-A57F-5ABD9991F28F}") = "FigurasGeometricasVB", "FigurasGeometricasVB\FigurasGeometricasVB.vbproj", "{CBBAE163-8715-4E90-ADD9-69250CC0A75D}"
EndProject
Global
	GlobalSection(SolutionConfigurationPlatforms) = preSolution
		Debug|Any CPU = Debug|Any CPU
		Release|Any CPU = Release|Any CPU
	EndGlobalSection
	GlobalSection(ProjectConfigurationPlatforms) = postSolution
		{CBBAE163-8715-4E90-ADD9-69250CC0A75D}.Debug|Any CPU.ActiveCfg = Debug|Any CPU
		{CBBAE163-8715-4E90-ADD9-69250CC0A75D}.Debug|Any CPU.Build.0 = Debug|Any CPU
		{CBBAE163-8715-4E90-ADD9-69250CC0A75D}.Release|Any CPU.ActiveCfg = Release|Any CPU
		{CBBAE163-8715-4E90-ADD9-69250CC0A75D}.Release|Any CPU.Build.0 = Release|Any CPU
	EndGlobalSection
	GlobalSection(SolutionProperties) = preSolution
		HideSolutionNode = FALSE
	EndGlobalSection
	GlobalSection(ExtensibilityGlobals) = postSolution
		SolutionGuid = {AEF17D27-2D7C-4222-A19D-34D52D4E33F9}
	EndGlobalSection
EndGlobal
